version: 6
environments:
  default:
    channels:
    - url: https://conda.anaconda.org/conda-forge/
    indexes:
    - https://pypi.org/simple
    options:
      pypi-prerelease-mode: if-necessary-or-explicit
    packages:
      linux-64:
      - conda: https://conda.anaconda.org/conda-forge/linux-64/_openmp_mutex-4.5-20_gnu.conda
      - conda: https://conda.anaconda.org/conda-forge/linux-64/bzip2-1.0.8-hda65f42_9.conda
      - conda: https://conda.anaconda.org/conda-forge/noarch/ca-certificates-2026.2.25-hbd8a1cb_0.conda
      - conda: https://conda.anaconda.org/conda-forge/linux-64/icu-78.2-h33c6efd_0.conda
      - conda: https://conda.anaconda.org/conda-forge/linux-64/ld_impl_linux-64-2.45.1-default_hbd61a6d_101.conda
      - conda: https://conda.anaconda.org/conda-forge/linux-64/libexpat-2.7.4-hecca717_0.conda
      - conda: https://conda.anaconda.org/conda-forge/linux-64/libffi-3.5.2-h3435931_0.conda
      - conda: https://conda.anaconda.org/conda-forge/linux-64/libgcc-15.2.0-he0feb66_18.conda
      - conda: https://conda.anaconda.org/conda-forge/linux-64/libgomp-15.2.0-he0feb66_18.conda
      - conda: https://conda.anaconda.org/conda-forge/linux-64/liblzma-5.8.2-hb03c661_0.conda
      - conda: https://conda.anaconda.org/conda-forge/linux-64/libmpdec-4.0.0-hb03c661_1.conda
      - conda: https://conda.anaconda.org/conda-forge/linux-64/libsqlite-3.52.0-hf4e2dac_0.conda
      - conda: https://conda.anaconda.org/conda-forge/linux-64/libstdcxx-15.2.0-h934c35e_18.conda
      - conda: https://conda.anaconda.org/conda-forge/linux-64/libuuid-2.41.3-h5347b49_0.conda
      - conda: https://conda.anaconda.org/conda-forge/linux-64/libzlib-1.3.1-hb9d3cd8_2.conda
      - conda: https://conda.anaconda.org/conda-forge/linux-64/ncurses-6.5-h2d0b736_3.conda
      - conda: https://conda.anaconda.org/conda-forge/linux-64/openssl-3.6.1-h35e630c_1.conda
      - conda: https://conda.anaconda.org/conda-forge/linux-64/python-3.14.3-h32b2ec7_101_cp314.conda
      - conda: https://conda.anaconda.org/conda-forge/noarch/python_abi-3.14-8_cp314.conda
      - conda: https://conda.anaconda.org/conda-forge/linux-64/readline-8.3-h853b02a_0.conda
      - conda: https://conda.anaconda.org/conda-forge/linux-64/tk-8.6.13-noxft_h366c992_103.conda
      - conda: https://conda.anaconda.org/conda-forge/noarch/tzdata-2025c-hc9c84f9_1.conda
      - conda: https://conda.anaconda.org/conda-forge/linux-64/zstd-1.5.7-hb78ec9c_6.conda
      - pypi: https://files.pythonhosted.org/packages/3b/00/2344469e2084fb287c2e0b57b72910309874c3245463acd6cf5e3db69324/appdirs-1.4.4-py2.py3-none-any.whl
      - pypi: https://files.pythonhosted.org/packages/b3/66/e6c0a808950ba5a4042e2fcedd577fc7401536c7db063de4d7c36be06f84/argparse_dataclass-2.0.0-py3-none-any.whl
      - pypi: https://files.pythonhosted.org/packages/3a/2a/7cc015f5b9f5db42b7d48157e23356022889fc354a2813c15934b7cb5c0e/attrs-25.4.0-py3-none-any.whl
      - pypi: https://files.pythonhosted.org/packages/9a/3c/c17fb3ca2d9c3acff52e30b309f538586f9f5b9c9cf454f3845fc9af4881/certifi-2026.2.25-py3-none-any.whl
      - pypi: https://files.pythonhosted.org/packages/38/9c/71336bff6934418dc8d1e8a1644176ac9088068bc571da612767619c97b3/charset_normalizer-3.4.5-cp314-cp314-manylinux2014_x86_64.manylinux_2_17_x86_64.manylinux_2_28_x86_64.whl
      - pypi: https://files.pythonhosted.org/packages/87/4c/fc30b69fb4062aee57e3ab7ff493647c4220144908f0839c619f912045bf/conda_inject-1.3.2-py3-none-any.whl
      - pypi: https://files.pythonhosted.org/packages/fe/19/3ba5e1b0bcc7b91aeab6c258afd70e4907d220fed3972febe38feb40db30/configargparse-1.7.5-py3-none-any.whl
      - pypi: https://files.pythonhosted.org/packages/bd/df/c9b4e25dce00f6349fd28aadba7b6c3f7431cc8bd4308a158fbe57b6a22e/connection_pool-0.0.3.tar.gz
      - pypi: https://files.pythonhosted.org/packages/02/10/5da547df7a391dcde17f59520a231527b8571e6f46fc8efb02ccb370ab12/docutils-0.22.4-py3-none-any.whl
      - pypi: https://files.pythonhosted.org/packages/05/d1/8952806fbf9583004ab479d8f58a9496c3d35f6b6009ddd458bdd9978eaf/dpath-2.2.0-py3-none-any.whl
      - pypi: https://files.pythonhosted.org/packages/cb/a8/20d0723294217e47de6d9e2e40fd4a9d2f7c4b6ef974babd482a59743694/fastjsonschema-2.21.2-py3-none-any.whl
      - pypi: https://files.pythonhosted.org/packages/a0/61/5c78b91c3143ed5c14207f463aecfc8f9dbb5092fb2869baf37c273b2705/gitdb-4.0.12-py3-none-any.whl
      - pypi: https://files.pythonhosted.org/packages/6a/09/e21df6aef1e1ffc0c816f0522ddc3f6dcded766c3261813131c78a704470/gitpython-3.1.46-py3-none-any.whl
      - pypi: https://files.pythonhosted.org/packages/3b/bc/03199042b6919c5b9974fc47e75b2243807a091c3f6fc940587df94e38d9/htcondor-25.6.1-cp314-cp314-manylinux_2_28_x86_64.whl
      - pypi: https://files.pythonhosted.org/packages/f0/0f/310fb31e39e2d734ccaa2c0fb981ee41f7bd5056ce9bc29b2248bd569169/humanfriendly-10.0-py2.py3-none-any.whl
      - pypi: https://files.pythonhosted.org/packages/0e/61/66938bbb5fc52dbdf84594873d5b51fb1f7c7794e9c0f5bd885f30bc507b/idna-3.11-py3-none-any.whl
      - pypi: https://files.pythonhosted.org/packages/69/41/0ccaa6ef9943c0609ec5aa663a3b3e681c1712c1007147b84590cec706a0/immutables-0.21.tar.gz
      - pypi: https://files.pythonhosted.org/packages/62/a1/3d680cbfd5f4b8f15abc1d571870c5fc3e594bb582bc3b64ea099db13e56/jinja2-3.1.6-py3-none-any.whl
      - pypi: https://files.pythonhosted.org/packages/69/90/f63fb5873511e014207a475e2bb4e8b2e570d655b00ac19a9a0ca0a385ee/jsonschema-4.26.0-py3-none-any.whl
      - pypi: https://files.pythonhosted.org/packages/41/45/1a4ed80516f02155c51f51e8cedb3c1902296743db0bbc66608a0db2814f/jsonschema_specifications-2025.9.1-py3-none-any.whl
      - pypi: https://files.pythonhosted.org/packages/e7/e7/80988e32bf6f73919a113473a604f5a8f09094de312b9d52b79c2df7612b/jupyter_core-5.9.1-py3-none-any.whl
      - pypi: https://files.pythonhosted.org/packages/41/3c/a36c2450754618e62008bf7435ccb0f88053e07592e6028a34776213d877/markupsafe-3.0.3-cp314-cp314-manylinux2014_x86_64.manylinux_2_17_x86_64.manylinux_2_28_x86_64.whl
      - pypi: https://files.pythonhosted.org/packages/a9/82/0340caa499416c78e5d8f5f05947ae4bc3cba53c9f038ab6e9ed964e22f1/nbformat-5.10.4-py3-none-any.whl
      - pypi: https://files.pythonhosted.org/packages/20/12/38679034af332785aac8774540895e234f4d07f7545804097de4b666afd8/packaging-25.0-py3-none-any.whl
      - pypi: https://files.pythonhosted.org/packages/63/d7/97f7e3a6abb67d8080dd406fd4df842c2be0efaf712d1c899c32a075027c/platformdirs-4.9.4-py3-none-any.whl
      - pypi: https://files.pythonhosted.org/packages/b5/70/5d8df3b09e25bce090399cf48e452d25c935ab72dad19406c77f4e828045/psutil-7.2.2-cp36-abi3-manylinux2010_x86_64.manylinux_2_12_x86_64.manylinux_2_28_x86_64.whl
      - pypi: https://files.pythonhosted.org/packages/99/6c/64cafaceea3f99927e84b38a362ec6a8f24f33061c90bda77dfe1cd4c3c6/pulp-3.3.0-py3-none-any.whl
      - pypi: https://files.pythonhosted.org/packages/88/f9/16491d7ed2a919954993e48aa941b200f38040928474c9e85ea9e64222c3/pyyaml-6.0.3-cp314-cp314-manylinux2014_x86_64.manylinux_2_17_x86_64.manylinux_2_28_x86_64.whl
      - pypi: https://files.pythonhosted.org/packages/2c/58/ca301544e1fa93ed4f80d724bf5b194f6e4b945841c5bfd555878eea9fcb/referencing-0.37.0-py3-none-any.whl
      - pypi: https://files.pythonhosted.org/packages/1e/db/4254e3eabe8020b458f1a747140d32277ec7a271daf1d235b70dc0b4e6e3/requests-2.32.5-py3-none-any.whl
      - pypi: https://files.pythonhosted.org/packages/66/11/e295e07d4ae500144177f875a8de11daa4d86b8246ab41c76a98ce9280ca/reretry-0.11.8-py2.py3-none-any.whl
      - pypi: https://files.pythonhosted.org/packages/ce/81/9a91c0111ce1758c92516a3e44776920b579d9a7c09b2b06b642d4de3f0f/rpds_py-0.30.0-cp314-cp314-manylinux_2_17_x86_64.manylinux2014_x86_64.whl
      - pypi: https://files.pythonhosted.org/packages/5e/ea/dcdecd68acebb49d3fd560473a43499b1635076f7f1ae8641c060fe7ce74/smart_open-7.5.1-py3-none-any.whl
      - pypi: https://files.pythonhosted.org/packages/c1/d4/59e74daffcb57a07668852eeeb6035af9f32cbfd7a1d2511f17d2fe6a738/smmap-5.0.3-py3-none-any.whl
      - pypi: https://files.pythonhosted.org/packages/28/90/a4a3652e832667917383f8d34112bdb37b78a6d14efc049e22a2c8192524/snakemake_interface_common-1.23.0-py3-none-any.whl
      - pypi: https://files.pythonhosted.org/packages/c3/1f/f0848d750e7ca675e2cc0ea5e14135f432db498e8ad8cf746a19108e9d55/snakemake_interface_logger_plugins-2.0.0-py3-none-any.whl
      - pypi: https://files.pythonhosted.org/packages/f0/f0/df73f6abc9b5910e43612ae28c7b6f666af80c4edd46a216ef47599ab6cb/snakemake_interface_report_plugins-1.3.0-py3-none-any.whl
      - pypi: https://files.pythonhosted.org/packages/0e/d0/f4e9894c8aaf37efe3bf1afe15ee3cf0546d82b2713a589e266ee47bf2ef/snakemake_interface_scheduler_plugins-2.0.2-py3-none-any.whl
      - pypi: https://files.pythonhosted.org/packages/74/20/08a4f00c32329544ff147bafa68d0bab53645dca64dae218ff861bb4187d/snakemake_interface_storage_plugins-4.3.3-py3-none-any.whl
      - pypi: https://files.pythonhosted.org/packages/99/55/db07de81b5c630da5cbf5c7df646580ca26dfaefa593667fc6f2fe016d2e/tabulate-0.10.0-py3-none-any.whl
      - pypi: https://files.pythonhosted.org/packages/66/70/42d8796acc57c8bcd9ae395b1a6a0bbc833f738492a8ed192a44ccd58035/throttler-1.2.3-py3-none-any.whl
      - pypi: https://files.pythonhosted.org/packages/00/c0/8f5d070730d7836adc9c9b6408dec68c6ced86b304a9b26a14df072a6e8c/traitlets-5.14.3-py3-none-any.whl
      - pypi: https://files.pythonhosted.org/packages/39/08/aaaad47bc4e9dc8c725e68f9d04865dbcb2052843ff09c97b08904852d84/urllib3-2.6.3-py3-none-any.whl
      - pypi: https://files.pythonhosted.org/packages/53/37/02af1867f5b1441aaeda9c82deed061b7cd1372572ddcd717f6df90b5e93/wrapt-2.1.2-cp314-cp314-manylinux1_x86_64.manylinux_2_28_x86_64.manylinux_2_5_x86_64.whl
      - pypi: https://files.pythonhosted.org/packages/4d/63/6a44729fdc60eb255a7b156a84e7552290174a9bf151e3b6c18e83d6fbfa/yte-1.9.4-py3-none-any.whl
      - pypi: ./
      - pypi: ./src/snakemake
      - pypi: ./src/snakemake-executor-plugin-htcondor
      - pypi: ./src/snakemake-interface-executor-plugins
packages:
- conda: https://conda.anaconda.org/conda-forge/linux-64/_openmp_mutex-4.5-20_gnu.conda
  build_number: 20
  sha256: 1dd3fffd892081df9726d7eb7e0dea6198962ba775bd88842135a4ddb4deb3c9
  md5: a9f577daf3de00bca7c3c76c0ecbd1de
  depends:
  - __glibc >=2.17,<3.0.a0
  - libgomp >=7.5.0
  constrains:
  - openmp_impl <0.0a0
  license: BSD-3-Clause
  license_family: BSD
  purls: []
  size: 28948
  timestamp: 1770939786096
- pypi: https://files.pythonhosted.org/packages/3b/00/2344469e2084fb287c2e0b57b72910309874c3245463acd6cf5e3db69324/appdirs-1.4.4-py2.py3-none-any.whl
  name: appdirs
  version: 1.4.4
  sha256: a841dacd6b99318a741b166adb07e19ee71a274450e68237b4650ca1055ab128
- pypi: https://files.pythonhosted.org/packages/b3/66/e6c0a808950ba5a4042e2fcedd577fc7401536c7db063de4d7c36be06f84/argparse_dataclass-2.0.0-py3-none-any.whl
  name: argparse-dataclass
  version: 2.0.0
  sha256: 3ffc8852a88d9d98d1364b4441a712491320afb91fb56049afd8a51d74bb52d2
  requires_python: '>=3.8'
- pypi: https://files.pythonhosted.org/packages/3a/2a/7cc015f5b9f5db42b7d48157e23356022889fc354a2813c15934b7cb5c0e/attrs-25.4.0-py3-none-any.whl
  name: attrs
  version: 25.4.0
  sha256: adcf7e2a1fb3b36ac48d97835bb6d8ade15b8dcce26aba8bf1d14847b57a3373
  requires_python: '>=3.9'
- conda: https://conda.anaconda.org/conda-forge/linux-64/bzip2-1.0.8-hda65f42_9.conda
  sha256: 0b75d45f0bba3e95dc693336fa51f40ea28c980131fec438afb7ce6118ed05f6
  md5: d2ffd7602c02f2b316fd921d39876885
  depends:
  - __glibc >=2.17,<3.0.a0
  - libgcc >=14
  license: bzip2-1.0.6
  license_family: BSD
  purls: []
  size: 260182
  timestamp: 1771350215188
- conda: https://conda.anaconda.org/conda-forge/noarch/ca-certificates-2026.2.25-hbd8a1cb_0.conda
  sha256: 67cc7101b36421c5913a1687ef1b99f85b5d6868da3abbf6ec1a4181e79782fc
  md5: 4492fd26db29495f0ba23f146cd5638d
  depends:
  - __unix
  license: ISC
  purls: []
  size: 147413
  timestamp: 1772006283803
- pypi: https://files.pythonhosted.org/packages/9a/3c/c17fb3ca2d9c3acff52e30b309f538586f9f5b9c9cf454f3845fc9af4881/certifi-2026.2.25-py3-none-any.whl
  name: certifi
  version: 2026.2.25
  sha256: 027692e4402ad994f1c42e52a4997a9763c646b73e4096e4d5d6db8af1d6f0fa
  requires_python: '>=3.7'
- pypi: https://files.pythonhosted.org/packages/38/9c/71336bff6934418dc8d1e8a1644176ac9088068bc571da612767619c97b3/charset_normalizer-3.4.5-cp314-cp314-manylinux2014_x86_64.manylinux_2_17_x86_64.manylinux_2_28_x86_64.whl
  name: charset-normalizer
  version: 3.4.5
  sha256: 01a1ed54b953303ca7e310fafe0fe347aab348bd81834a0bcd602eb538f89d66
  requires_python: '>=3.7'
- pypi: https://files.pythonhosted.org/packages/87/4c/fc30b69fb4062aee57e3ab7ff493647c4220144908f0839c619f912045bf/conda_inject-1.3.2-py3-none-any.whl
  name: conda-inject
  version: 1.3.2
  sha256: 6e641b408980c2814e3e527008c30749117909a21ff47392f07ef807da93a564
  requires_dist:
  - pyyaml>=6.0,<7.0
  requires_python: '>=3.9,<4.0'
- pypi: https://files.pythonhosted.org/packages/fe/19/3ba5e1b0bcc7b91aeab6c258afd70e4907d220fed3972febe38feb40db30/configargparse-1.7.5-py3-none-any.whl
  name: configargparse
  version: 1.7.5
  sha256: 1e63fdffedf94da9cd435fc13a1cd24777e76879dd2343912c1f871d4ac8c592
  requires_dist:
  - pyyaml ; extra == 'yaml'
  - black ; extra == 'test'
  - mock ; extra == 'test'
  - toml ; extra == 'test'
  - pyyaml ; extra == 'test'
  - pytest ; extra == 'test'
  - pytest-cov ; extra == 'test'
  - pytest-subtests ; extra == 'test'
  requires_python: '>=3.6'
- pypi: https://files.pythonhosted.org/packages/bd/df/c9b4e25dce00f6349fd28aadba7b6c3f7431cc8bd4308a158fbe57b6a22e/connection_pool-0.0.3.tar.gz
  name: connection-pool
  version: 0.0.3
  sha256: bf429e7aef65921c69b4ed48f3d48d3eac1383b05d2df91884705842d974d0dc
- pypi: https://files.pythonhosted.org/packages/02/10/5da547df7a391dcde17f59520a231527b8571e6f46fc8efb02ccb370ab12/docutils-0.22.4-py3-none-any.whl
  name: docutils
  version: 0.22.4
  sha256: d0013f540772d1420576855455d050a2180186c91c15779301ac2ccb3eeb68de
  requires_python: '>=3.9'
- pypi: https://files.pythonhosted.org/packages/05/d1/8952806fbf9583004ab479d8f58a9496c3d35f6b6009ddd458bdd9978eaf/dpath-2.2.0-py3-none-any.whl
  name: dpath
  version: 2.2.0
  sha256: b330a375ded0a0d2ed404440f6c6a715deae5313af40bbb01c8a41d891900576
  requires_python: '>=3.7'
- pypi: ./
  name: example-workflow
  version: 0.1.0
  sha256: 6c720fd2c5e1786fe9508a39fe591beb232c67b0c8ae7e84d4370626f04c636d
  requires_dist:
  - snakemake
  - snakemake-interface-executor-plugins
  - snakemake-executor-plugin-htcondor
  requires_python: '>=3.12'
- pypi: https://files.pythonhosted.org/packages/cb/a8/20d0723294217e47de6d9e2e40fd4a9d2f7c4b6ef974babd482a59743694/fastjsonschema-2.21.2-py3-none-any.whl
  name: fastjsonschema
  version: 2.21.2
  sha256: 1c797122d0a86c5cace2e54bf4e819c36223b552017172f32c5c024a6b77e463
  requires_dist:
  - colorama ; extra == 'devel'
  - jsonschema ; extra == 'devel'
  - json-spec ; extra == 'devel'
  - pylint ; extra == 'devel'
  - pytest ; extra == 'devel'
  - pytest-benchmark ; extra == 'devel'
  - pytest-cache ; extra == 'devel'
  - validictory ; extra == 'devel'
- pypi: https://files.pythonhosted.org/packages/a0/61/5c78b91c3143ed5c14207f463aecfc8f9dbb5092fb2869baf37c273b2705/gitdb-4.0.12-py3-none-any.whl
  name: gitdb
  version: 4.0.12
  sha256: 67073e15955400952c6565cc3e707c554a4eea2e428946f7a4c162fab9bd9bcf
  requires_dist:
  - smmap>=3.0.1,<6
  requires_python: '>=3.7'
- pypi: https://files.pythonhosted.org/packages/6a/09/e21df6aef1e1ffc0c816f0522ddc3f6dcded766c3261813131c78a704470/gitpython-3.1.46-py3-none-any.whl
  name: gitpython
  version: 3.1.46
  sha256: 79812ed143d9d25b6d176a10bb511de0f9c67b1fa641d82097b0ab90398a2058
  requires_dist:
  - gitdb>=4.0.1,<5
  - typing-extensions>=3.10.0.2 ; python_full_version < '3.10'
  - coverage[toml] ; extra == 'test'
  - ddt>=1.1.1,!=1.4.3 ; extra == 'test'
  - mock ; python_full_version < '3.8' and extra == 'test'
  - mypy==1.18.2 ; python_full_version >= '3.9' and extra == 'test'
  - pre-commit ; extra == 'test'
  - pytest>=7.3.1 ; extra == 'test'
  - pytest-cov ; extra == 'test'
  - pytest-instafail ; extra == 'test'
  - pytest-mock ; extra == 'test'
  - pytest-sugar ; extra == 'test'
  - typing-extensions ; python_full_version < '3.11' and extra == 'test'
  - sphinx>=7.1.2,<7.2 ; extra == 'doc'
  - sphinx-rtd-theme ; extra == 'doc'
  - sphinx-autodoc-typehints ; extra == 'doc'
  requires_python: '>=3.7'
- pypi: https://files.pythonhosted.org/packages/3b/bc/03199042b6919c5b9974fc47e75b2243807a091c3f6fc940587df94e38d9/htcondor-25.6.1-cp314-cp314-manylinux_2_28_x86_64.whl
  name: htcondor
  version: 25.6.1
  sha256: cd0e680b3d32e98d6e4a189c79f4d02f0cd5d5efce16f2ff013e9058bc586e92
- pypi: https://files.pythonhosted.org/packages/f0/0f/310fb31e39e2d734ccaa2c0fb981ee41f7bd5056ce9bc29b2248bd569169/humanfriendly-10.0-py2.py3-none-any.whl
  name: humanfriendly
  version: '10.0'
  sha256: 1697e1a8a8f550fd43c2865cd84542fc175a61dcb779b6fee18cf6b6ccba1477
  requires_dist:
  - monotonic ; python_full_version == '2.7.*'
  - pyreadline ; python_full_version < '3.8' and sys_platform == 'win32'
  - pyreadline3 ; python_full_version >= '3.8' and sys_platform == 'win32'
  requires_python: '>=2.7,!=3.0.*,!=3.1.*,!=3.2.*,!=3.3.*,!=3.4.*'
- conda: https://conda.anaconda.org/conda-forge/linux-64/icu-78.2-h33c6efd_0.conda
  sha256: 142a722072fa96cf16ff98eaaf641f54ab84744af81754c292cb81e0881c0329
  md5: 186a18e3ba246eccfc7cff00cd19a870
  depends:
  - __glibc >=2.17,<3.0.a0
  - libgcc >=14
  - libstdcxx >=14
  license: MIT
  license_family: MIT
  purls: []
  size: 12728445
  timestamp: 1767969922681
- pypi: https://files.pythonhosted.org/packages/0e/61/66938bbb5fc52dbdf84594873d5b51fb1f7c7794e9c0f5bd885f30bc507b/idna-3.11-py3-none-any.whl
  name: idna
  version: '3.11'
  sha256: 771a87f49d9defaf64091e6e6fe9c18d4833f140bd19464795bc32d966ca37ea
  requires_dist:
  - ruff>=0.6.2 ; extra == 'all'
  - mypy>=1.11.2 ; extra == 'all'
  - pytest>=8.3.2 ; extra == 'all'
  - flake8>=7.1.1 ; extra == 'all'
  requires_python: '>=3.8'
- pypi: https://files.pythonhosted.org/packages/69/41/0ccaa6ef9943c0609ec5aa663a3b3e681c1712c1007147b84590cec706a0/immutables-0.21.tar.gz
  name: immutables
  version: '0.21'
  sha256: b55ffaf0449790242feb4c56ab799ea7af92801a0a43f9e2f4f8af2ab24dfc4a
  requires_dist:
  - flake8~=5.0 ; extra == 'test'
  - pycodestyle~=2.9 ; extra == 'test'
  - mypy~=1.4 ; extra == 'test'
  - pytest~=7.4 ; extra == 'test'
  requires_python: '>=3.8.0'
- pypi: https://files.pythonhosted.org/packages/62/a1/3d680cbfd5f4b8f15abc1d571870c5fc3e594bb582bc3b64ea099db13e56/jinja2-3.1.6-py3-none-any.whl
  name: jinja2
  version: 3.1.6
  sha256: 85ece4451f492d0c13c5dd7c13a64681a86afae63a5f347908daf103ce6d2f67
  requires_dist:
  - markupsafe>=2.0
  - babel>=2.7 ; extra == 'i18n'
  requires_python: '>=3.7'
- pypi: https://files.pythonhosted.org/packages/69/90/f63fb5873511e014207a475e2bb4e8b2e570d655b00ac19a9a0ca0a385ee/jsonschema-4.26.0-py3-none-any.whl
  name: jsonschema
  version: 4.26.0
  sha256: d489f15263b8d200f8387e64b4c3a75f06629559fb73deb8fdfb525f2dab50ce
  requires_dist:
  - attrs>=22.2.0
  - jsonschema-specifications>=2023.3.6
  - referencing>=0.28.4
  - rpds-py>=0.25.0
  - fqdn ; extra == 'format'
  - idna ; extra == 'format'
  - isoduration ; extra == 'format'
  - jsonpointer>1.13 ; extra == 'format'
  - rfc3339-validator ; extra == 'format'
  - rfc3987 ; extra == 'format'
  - uri-template ; extra == 'format'
  - webcolors>=1.11 ; extra == 'format'
  - fqdn ; extra == 'format-nongpl'
  - idna ; extra == 'format-nongpl'
  - isoduration ; extra == 'format-nongpl'
  - jsonpointer>1.13 ; extra == 'format-nongpl'
  - rfc3339-validator ; extra == 'format-nongpl'
  - rfc3986-validator>0.1.0 ; extra == 'format-nongpl'
  - rfc3987-syntax>=1.1.0 ; extra == 'format-nongpl'
  - uri-template ; extra == 'format-nongpl'
  - webcolors>=24.6.0 ; extra == 'format-nongpl'
  requires_python: '>=3.10'
- pypi: https://files.pythonhosted.org/packages/41/45/1a4ed80516f02155c51f51e8cedb3c1902296743db0bbc66608a0db2814f/jsonschema_specifications-2025.9.1-py3-none-any.whl
  name: jsonschema-specifications
  version: 2025.9.1
  sha256: 98802fee3a11ee76ecaca44429fda8a41bff98b00a0f2838151b113f210cc6fe
  requires_dist:
  - referencing>=0.31.0
  requires_python: '>=3.9'
- pypi: https://files.pythonhosted.org/packages/e7/e7/80988e32bf6f73919a113473a604f5a8f09094de312b9d52b79c2df7612b/jupyter_core-5.9.1-py3-none-any.whl
  name: jupyter-core
  version: 5.9.1
  sha256: ebf87fdc6073d142e114c72c9e29a9d7ca03fad818c5d300ce2adc1fb0743407
  requires_dist:
  - platformdirs>=2.5
  - traitlets>=5.3
  - intersphinx-registry ; extra == 'docs'
  - myst-parser ; extra == 'docs'
  - pydata-sphinx-theme ; extra == 'docs'
  - sphinx-autodoc-typehints ; extra == 'docs'
  - sphinxcontrib-spelling ; extra == 'docs'
  - traitlets ; extra == 'docs'
  - ipykernel ; extra == 'test'
  - pre-commit ; extra == 'test'
  - pytest-cov ; extra == 'test'
  - pytest-timeout ; extra == 'test'
  - pytest<9 ; extra == 'test'
  requires_python: '>=3.10'
- conda: https://conda.anaconda.org/conda-forge/linux-64/ld_impl_linux-64-2.45.1-default_hbd61a6d_101.conda
  sha256: 565941ac1f8b0d2f2e8f02827cbca648f4d18cd461afc31f15604cd291b5c5f3
  md5: 12bd9a3f089ee6c9266a37dab82afabd
  depends:
  - __glibc >=2.17,<3.0.a0
  - zstd >=1.5.7,<1.6.0a0
  constrains:
  - binutils_impl_linux-64 2.45.1
  license: GPL-3.0-only
  license_family: GPL
  purls: []
  size: 725507
  timestamp: 1770267139900
- conda: https://conda.anaconda.org/conda-forge/linux-64/libexpat-2.7.4-hecca717_0.conda
  sha256: d78f1d3bea8c031d2f032b760f36676d87929b18146351c4464c66b0869df3f5
  md5: e7f7ce06ec24cfcfb9e36d28cf82ba57
  depends:
  - __glibc >=2.17,<3.0.a0
  - libgcc >=14
  constrains:
  - expat 2.7.4.*
  license: MIT
  license_family: MIT
  purls: []
  size: 76798
  timestamp: 1771259418166
- conda: https://conda.anaconda.org/conda-forge/linux-64/libffi-3.5.2-h3435931_0.conda
  sha256: 31f19b6a88ce40ebc0d5a992c131f57d919f73c0b92cd1617a5bec83f6e961e6
  md5: a360c33a5abe61c07959e449fa1453eb
  depends:
  - __glibc >=2.17,<3.0.a0
  - libgcc >=14
  license: MIT
  license_family: MIT
  purls: []
  size: 58592
  timestamp: 1769456073053
- conda: https://conda.anaconda.org/conda-forge/linux-64/libgcc-15.2.0-he0feb66_18.conda
  sha256: faf7d2017b4d718951e3a59d081eb09759152f93038479b768e3d612688f83f5
  md5: 0aa00f03f9e39fb9876085dee11a85d4
  depends:
  - __glibc >=2.17,<3.0.a0
  - _openmp_mutex >=4.5
  constrains:
  - libgcc-ng ==15.2.0=*_18
  - libgomp 15.2.0 he0feb66_18
  license: GPL-3.0-only WITH GCC-exception-3.1
  license_family: GPL
  purls: []
  size: 1041788
  timestamp: 1771378212382
- conda: https://conda.anaconda.org/conda-forge/linux-64/libgomp-15.2.0-he0feb66_18.conda
  sha256: 21337ab58e5e0649d869ab168d4e609b033509de22521de1bfed0c031bfc5110
  md5: 239c5e9546c38a1e884d69effcf4c882
  depends:
  - __glibc >=2.17,<3.0.a0
  license: GPL-3.0-only WITH GCC-exception-3.1
  license_family: GPL
  purls: []
  size: 603262
  timestamp: 1771378117851
- conda: https://conda.anaconda.org/conda-forge/linux-64/liblzma-5.8.2-hb03c661_0.conda
  sha256: 755c55ebab181d678c12e49cced893598f2bab22d582fbbf4d8b83c18be207eb
  md5: c7c83eecbb72d88b940c249af56c8b17
  depends:
  - __glibc >=2.17,<3.0.a0
  - libgcc >=14
  constrains:
  - xz 5.8.2.*
  license: 0BSD
  purls: []
  size: 113207
  timestamp: 1768752626120
- conda: https://conda.anaconda.org/conda-forge/linux-64/libmpdec-4.0.0-hb03c661_1.conda
  sha256: fe171ed5cf5959993d43ff72de7596e8ac2853e9021dec0344e583734f1e0843
  md5: 2c21e66f50753a083cbe6b80f38268fa
  depends:
  - __glibc >=2.17,<3.0.a0
  - libgcc >=14
  license: BSD-2-Clause
  license_family: BSD
  purls: []
  size: 92400
  timestamp: 1769482286018
- conda: https://conda.anaconda.org/conda-forge/linux-64/libsqlite-3.52.0-hf4e2dac_0.conda
  sha256: d716847b7deca293d2e49ed1c8ab9e4b9e04b9d780aea49a97c26925b28a7993
  md5: fd893f6a3002a635b5e50ceb9dd2c0f4
  depends:
  - __glibc >=2.17,<3.0.a0
  - icu >=78.2,<79.0a0
  - libgcc >=14
  - libzlib >=1.3.1,<2.0a0
  license: blessing
  purls: []
  size: 951405
  timestamp: 1772818874251
- conda: https://conda.anaconda.org/conda-forge/linux-64/libstdcxx-15.2.0-h934c35e_18.conda
  sha256: 78668020064fdaa27e9ab65cd2997e2c837b564ab26ce3bf0e58a2ce1a525c6e
  md5: 1b08cd684f34175e4514474793d44bcb
  depends:
  - __glibc >=2.17,<3.0.a0
  - libgcc 15.2.0 he0feb66_18
  constrains:
  - libstdcxx-ng ==15.2.0=*_18
  license: GPL-3.0-only WITH GCC-exception-3.1
  license_family: GPL
  purls: []
  size: 5852330
  timestamp: 1771378262446
- conda: https://conda.anaconda.org/conda-forge/linux-64/libuuid-2.41.3-h5347b49_0.conda
  sha256: 1a7539cfa7df00714e8943e18de0b06cceef6778e420a5ee3a2a145773758aee
  md5: db409b7c1720428638e7c0d509d3e1b5
  depends:
  - __glibc >=2.17,<3.0.a0
  - libgcc >=14
  license: BSD-3-Clause
  license_family: BSD
  purls: []
  size: 40311
  timestamp: 1766271528534
- conda: https://conda.anaconda.org/conda-forge/linux-64/libzlib-1.3.1-hb9d3cd8_2.conda
  sha256: d4bfe88d7cb447768e31650f06257995601f89076080e76df55e3112d4e47dc4
  md5: edb0dca6bc32e4f4789199455a1dbeb8
  depends:
  - __glibc >=2.17,<3.0.a0
  - libgcc >=13
  constrains:
  - zlib 1.3.1 *_2
  license: Zlib
  license_family: Other
  purls: []
  size: 60963
  timestamp: 1727963148474
- pypi: https://files.pythonhosted.org/packages/41/3c/a36c2450754618e62008bf7435ccb0f88053e07592e6028a34776213d877/markupsafe-3.0.3-cp314-cp314-manylinux2014_x86_64.manylinux_2_17_x86_64.manylinux_2_28_x86_64.whl
  name: markupsafe
  version: 3.0.3
  sha256: 457a69a9577064c05a97c41f4e65148652db078a3a509039e64d3467b9e7ef97
  requires_python: '>=3.9'
- pypi: https://files.pythonhosted.org/packages/a9/82/0340caa499416c78e5d8f5f05947ae4bc3cba53c9f038ab6e9ed964e22f1/nbformat-5.10.4-py3-none-any.whl
  name: nbformat
  version: 5.10.4
  sha256: 3b48d6c8fbca4b299bf3982ea7db1af21580e4fec269ad087b9e81588891200b
  requires_dist:
  - fastjsonschema>=2.15
  - jsonschema>=2.6
  - jupyter-core>=4.12,!=5.0.*
  - traitlets>=5.1
  - myst-parser ; extra == 'docs'
  - pydata-sphinx-theme ; extra == 'docs'
  - sphinx ; extra == 'docs'
  - sphinxcontrib-github-alt ; extra == 'docs'
  - sphinxcontrib-spelling ; extra == 'docs'
  - pep440 ; extra == 'test'
  - pre-commit ; extra == 'test'
  - pytest ; extra == 'test'
  - testpath ; extra == 'test'
  requires_python: '>=3.8'
- conda: https://conda.anaconda.org/conda-forge/linux-64/ncurses-6.5-h2d0b736_3.conda
  sha256: 3fde293232fa3fca98635e1167de6b7c7fda83caf24b9d6c91ec9eefb4f4d586
  md5: 47e340acb35de30501a76c7c799c41d7
  depends:
  - __glibc >=2.17,<3.0.a0
  - libgcc >=13
  license: X11 AND BSD-3-Clause
  purls: []
  size: 891641
  timestamp: 1738195959188
- conda: https://conda.anaconda.org/conda-forge/linux-64/openssl-3.6.1-h35e630c_1.conda
  sha256: 44c877f8af015332a5d12f5ff0fb20ca32f896526a7d0cdb30c769df1144fb5c
  md5: f61eb8cd60ff9057122a3d338b99c00f
  depends:
  - __glibc >=2.17,<3.0.a0
  - ca-certificates
  - libgcc >=14
  license: Apache-2.0
  license_family: Apache
  purls: []
  size: 3164551
  timestamp: 1769555830639
- pypi: https://files.pythonhosted.org/packages/20/12/38679034af332785aac8774540895e234f4d07f7545804097de4b666afd8/packaging-25.0-py3-none-any.whl
  name: packaging
  version: '25.0'
  sha256: 29572ef2b1f17581046b3a2227d5c611fb25ec70ca1ba8554b24b0e69331a484
  requires_python: '>=3.8'
- pypi: https://files.pythonhosted.org/packages/63/d7/97f7e3a6abb67d8080dd406fd4df842c2be0efaf712d1c899c32a075027c/platformdirs-4.9.4-py3-none-any.whl
  name: platformdirs
  version: 4.9.4
  sha256: 68a9a4619a666ea6439f2ff250c12a853cd1cbd5158d258bd824a7df6be2f868
  requires_python: '>=3.10'
- pypi: https://files.pythonhosted.org/packages/b5/70/5d8df3b09e25bce090399cf48e452d25c935ab72dad19406c77f4e828045/psutil-7.2.2-cp36-abi3-manylinux2010_x86_64.manylinux_2_12_x86_64.manylinux_2_28_x86_64.whl
  name: psutil
  version: 7.2.2
  sha256: 076a2d2f923fd4821644f5ba89f059523da90dc9014e85f8e45a5774ca5bc6f9
  requires_dist:
  - psleak ; extra == 'dev'
  - pytest ; extra == 'dev'
  - pytest-instafail ; extra == 'dev'
  - pytest-xdist ; extra == 'dev'
  - setuptools ; extra == 'dev'
  - abi3audit ; extra == 'dev'
  - black ; extra == 'dev'
  - check-manifest ; extra == 'dev'
  - coverage ; extra == 'dev'
  - packaging ; extra == 'dev'
  - pylint ; extra == 'dev'
  - pyperf ; extra == 'dev'
  - pypinfo ; extra == 'dev'
  - pytest-cov ; extra == 'dev'
  - requests ; extra == 'dev'
  - rstcheck ; extra == 'dev'
  - ruff ; extra == 'dev'
  - sphinx ; extra == 'dev'
  - sphinx-rtd-theme ; extra == 'dev'
  - toml-sort ; extra == 'dev'
  - twine ; extra == 'dev'
  - validate-pyproject[all] ; extra == 'dev'
  - virtualenv ; extra == 'dev'
  - vulture ; extra == 'dev'
  - wheel ; extra == 'dev'
  - colorama ; os_name == 'nt' and extra == 'dev'
  - pyreadline3 ; os_name == 'nt' and extra == 'dev'
  - pywin32 ; implementation_name != 'pypy' and os_name == 'nt' and extra == 'dev'
  - wheel ; implementation_name != 'pypy' and os_name == 'nt' and extra == 'dev'
  - wmi ; implementation_name != 'pypy' and os_name == 'nt' and extra == 'dev'
  - psleak ; extra == 'test'
  - pytest ; extra == 'test'
  - pytest-instafail ; extra == 'test'
  - pytest-xdist ; extra == 'test'
  - setuptools ; extra == 'test'
  - pywin32 ; implementation_name != 'pypy' and os_name == 'nt' and extra == 'test'
  - wheel ; implementation_name != 'pypy' and os_name == 'nt' and extra == 'test'
  - wmi ; implementation_name != 'pypy' and os_name == 'nt' and extra == 'test'
  requires_python: '>=3.6'
- pypi: https://files.pythonhosted.org/packages/99/6c/64cafaceea3f99927e84b38a362ec6a8f24f33061c90bda77dfe1cd4c3c6/pulp-3.3.0-py3-none-any.whl
  name: pulp
  version: 3.3.0
  sha256: dd6ad2d63f196d1254eddf9dcff5cd224912c1f046120cb7c143c5b0eda63fae
  requires_dist:
  - cylp ; extra == 'open-py'
  - highspy ; extra == 'open-py'
  - pyscipopt ; extra == 'open-py'
  - gurobipy ; extra == 'public-py'
  - coptpy ; extra == 'public-py'
  - xpress ; extra == 'public-py'
  - cplex ; (python_full_version < '3.12' and extra == 'public-py') or (sys_platform != 'darwin' and extra == 'public-py')
  - highspy ; extra == 'highs'
  - pyscipopt ; extra == 'scip'
  - gurobipy ; extra == 'gurobi'
  - xpress ; extra == 'xpress'
  - coptpy ; extra == 'copt'
  - cplex ; (python_full_version < '3.12' and extra == 'cplex') or (sys_platform != 'darwin' and extra == 'cplex')
  - mosek ; extra == 'mosek'
  requires_python: '>=3.9'
- conda: https://conda.anaconda.org/conda-forge/linux-64/python-3.14.3-h32b2ec7_101_cp314.conda
  build_number: 101
  sha256: cb0628c5f1732f889f53a877484da98f5a0e0f47326622671396fb4f2b0cd6bd
  md5: c014ad06e60441661737121d3eae8a60
  depends:
  - __glibc >=2.17,<3.0.a0
  - bzip2 >=1.0.8,<2.0a0
  - ld_impl_linux-64 >=2.36.1
  - libexpat >=2.7.3,<3.0a0
  - libffi >=3.5.2,<3.6.0a0
  - libgcc >=14
  - liblzma >=5.8.2,<6.0a0
  - libmpdec >=4.0.0,<5.0a0
  - libsqlite >=3.51.2,<4.0a0
  - libuuid >=2.41.3,<3.0a0
  - libzlib >=1.3.1,<2.0a0
  - ncurses >=6.5,<7.0a0
  - openssl >=3.5.5,<4.0a0
  - python_abi 3.14.* *_cp314
  - readline >=8.3,<9.0a0
  - tk >=8.6.13,<8.7.0a0
  - tzdata
  - zstd >=1.5.7,<1.6.0a0
  license: Python-2.0
  purls: []
  size: 36702440
  timestamp: 1770675584356
  python_site_packages_path: lib/python3.14/site-packages
- conda: https://conda.anaconda.org/conda-forge/noarch/python_abi-3.14-8_cp314.conda
  build_number: 8
  sha256: ad6d2e9ac39751cc0529dd1566a26751a0bf2542adb0c232533d32e176e21db5
  md5: 0539938c55b6b1a59b560e843ad864a4
  constrains:
  - python 3.14.* *_cp314
  license: BSD-3-Clause
  license_family: BSD
  purls: []
  size: 6989
  timestamp: 1752805904792
- pypi: https://files.pythonhosted.org/packages/88/f9/16491d7ed2a919954993e48aa941b200f38040928474c9e85ea9e64222c3/pyyaml-6.0.3-cp314-cp314-manylinux2014_x86_64.manylinux_2_17_x86_64.manylinux_2_28_x86_64.whl
  name: pyyaml
  version: 6.0.3
  sha256: c458b6d084f9b935061bc36216e8a69a7e293a2f1e68bf956dcd9e6cbcd143f5
  requires_python: '>=3.8'
- conda: https://conda.anaconda.org/conda-forge/linux-64/readline-8.3-h853b02a_0.conda
  sha256: 12ffde5a6f958e285aa22c191ca01bbd3d6e710aa852e00618fa6ddc59149002
  md5: d7d95fc8287ea7bf33e0e7116d2b95ec
  depends:
  - __glibc >=2.17,<3.0.a0
  - libgcc >=14
  - ncurses >=6.5,<7.0a0
  license: GPL-3.0-only
  license_family: GPL
  purls: []
  size: 345073
  timestamp: 1765813471974
- pypi: https://files.pythonhosted.org/packages/2c/58/ca301544e1fa93ed4f80d724bf5b194f6e4b945841c5bfd555878eea9fcb/referencing-0.37.0-py3-none-any.whl
  name: referencing
  version: 0.37.0
  sha256: 381329a9f99628c9069361716891d34ad94af76e461dcb0335825aecc7692231
  requires_dist:
  - attrs>=22.2.0
  - rpds-py>=0.7.0
  - typing-extensions>=4.4.0 ; python_full_version < '3.13'
  requires_python: '>=3.10'
- pypi: https://files.pythonhosted.org/packages/1e/db/4254e3eabe8020b458f1a747140d32277ec7a271daf1d235b70dc0b4e6e3/requests-2.32.5-py3-none-any.whl
  name: requests
  version: 2.32.5
  sha256: 2462f94637a34fd532264295e186976db0f5d453d1cdd31473c85a6a161affb6
  requires_dist:
  - charset-normalizer>=2,<4
  - idna>=2.5,<4
  - urllib3>=1.21.1,<3
  - certifi>=2017.4.17
  - pysocks>=1.5.6,!=1.5.7 ; extra == 'socks'
  - chardet>=3.0.2,<6 ; extra == 'use-chardet-on-py3'
  requires_python: '>=3.9'
- pypi: https://files.pythonhosted.org/packages/66/11/e295e07d4ae500144177f875a8de11daa4d86b8246ab41c76a98ce9280ca/reretry-0.11.8-py2.py3-none-any.whl
  name: reretry
  version: 0.11.8
  sha256: 5ec1084cd9644271ee386d34cd5dd24bdb3e91d55961b076d1a31d585ad68a79
  requires_python: '>=3.7'
- pypi: https://files.pythonhosted.org/packages/ce/81/9a91c0111ce1758c92516a3e44776920b579d9a7c09b2b06b642d4de3f0f/rpds_py-0.30.0-cp314-cp314-manylinux_2_17_x86_64.manylinux2014_x86_64.whl
  name: rpds-py
  version: 0.30.0
  sha256: 47e77dc9822d3ad616c3d5759ea5631a75e5809d5a28707744ef79d7a1bcfcad
  requires_python: '>=3.10'
- pypi: https://files.pythonhosted.org/packages/5e/ea/dcdecd68acebb49d3fd560473a43499b1635076f7f1ae8641c060fe7ce74/smart_open-7.5.1-py3-none-any.whl
  name: smart-open
  version: 7.5.1
  sha256: 3e07cbbd9c8a908bcb8e25d48becf1a5cbb4886fa975e9f34c672ed171df2318
  requires_dist:
  - wrapt
  - boto3>=1.9.17 ; extra == 's3'
  - google-cloud-storage>=2.6.0 ; extra == 'gcs'
  - google-api-core<2.28 ; python_full_version < '3.10' and extra == 'gcs'
  - azure-storage-blob ; extra == 'azure'
  - azure-common ; extra == 'azure'
  - azure-core ; extra == 'azure'
  - requests ; extra == 'http'
  - requests ; extra == 'webhdfs'
  - paramiko ; extra == 'ssh'
  - backports-zstd>=1.0.0 ; python_full_version < '3.14' and extra == 'zst'
  - smart-open[azure,gcs,http,s3,ssh,webhdfs,zst] ; extra == 'all'
  - smart-open[all] ; extra == 'test'
  - moto[server] ; extra == 'test'
  - responses ; extra == 'test'
  - pytest ; extra == 'test'
  - pytest-rerunfailures ; extra == 'test'
  - pytest-benchmark ; extra == 'test'
  - pytest-timeout ; extra == 'test'
  - pytest-xdist[psutil] ; extra == 'test'
  - awscli ; extra == 'test'
  - pyopenssl ; extra == 'test'
  - numpy ; extra == 'test'
  - flake8 ; extra == 'test'
  requires_python: '>=3.10,<4.0'
- pypi: https://files.pythonhosted.org/packages/c1/d4/59e74daffcb57a07668852eeeb6035af9f32cbfd7a1d2511f17d2fe6a738/smmap-5.0.3-py3-none-any.whl
  name: smmap
  version: 5.0.3
  sha256: c106e05d5a61449cf6ba9a1e650227ecfb141590d2a98412103ff35d89fc7b2f
  requires_python: '>=3.7'
- pypi: ./src/snakemake
  name: snakemake
  version: 9.16.3
  sha256: 7919d35e19c44179135d766cde24bd6e06c2f5826a4171fc61759d0395fee3b0
  requires_dist:
  - appdirs
  - immutables
  - configargparse
  - connection-pool>=0.0.3
  - docutils
  - gitpython
  - humanfriendly
  - jinja2>=3.0,<4.0
  - jsonschema
  - nbformat
  - packaging>=24.0,<26
  - psutil
  - pulp>=2.3.1,<3.4
  - pyyaml
  - referencing
  - requests>=2.8.1,<3.0
  - reretry
  - smart-open>=4.0,<8.0
  - snakemake-interface-executor-plugins>=9.3.2,<10.0
  - snakemake-interface-common>=1.20.1,<2.0
  - snakemake-interface-storage-plugins>=4.3.2,<5.0
  - snakemake-interface-report-plugins>=1.2.0,<2.0.0
  - snakemake-interface-logger-plugins>=1.1.0,<3.0.0
  - snakemake-interface-scheduler-plugins>=2.0.0,<3.0.0
  - tabulate
  - throttler
  - wrapt
  - yte>=1.5.5,<2.0
  - dpath>=2.1.6,<3.0.0
  - conda-inject>=1.3.1,<2.0
  - eido ; extra == 'pep'
  - peppy ; extra == 'pep'
  - pygments ; extra == 'reports'
  - eido ; extra == 'all'
  - peppy ; extra == 'all'
  - pygments ; extra == 'all'
  requires_python: '>=3.11'
- pypi: ./src/snakemake-executor-plugin-htcondor
  name: snakemake-executor-plugin-htcondor
  version: 0.2.0
  sha256: 89192013686b18def6aa018344733bcab2aab03d6084e5d87c0869d9802d1685
  requires_dist:
  - snakemake-interface-common>=1.17.1
  - snakemake-interface-executor-plugins>=9.0.0
  - htcondor>=24.5.1
  requires_python: '>=3.11'
- pypi: https://files.pythonhosted.org/packages/28/90/a4a3652e832667917383f8d34112bdb37b78a6d14efc049e22a2c8192524/snakemake_interface_common-1.23.0-py3-none-any.whl
  name: snakemake-interface-common
  version: 1.23.0
  sha256: 43bb10102d07149f27787dfc65a7342b86ff772973e7f9ca4940c89cb412a11e
  requires_dist:
  - argparse-dataclass>=2.0.0
  - configargparse>=1.7
  - packaging>=24.0,<26.0
  requires_python: '>=3.8'
- pypi: ./src/snakemake-interface-executor-plugins
  name: snakemake-interface-executor-plugins
  version: 9.4.0
  sha256: cc5fc016b37d4b6c66e22017ffe59ec3b5758b0fbb3ac2785c722d2aed75b511
  requires_dist:
  - snakemake-interface-common>=1.19.0
  - throttler>=1.2.2
  - argparse-dataclass>=2.0.0
  requires_python: '>=3.11'
- pypi: https://files.pythonhosted.org/packages/c3/1f/f0848d750e7ca675e2cc0ea5e14135f432db498e8ad8cf746a19108e9d55/snakemake_interface_logger_plugins-2.0.0-py3-none-any.whl
  name: snakemake-interface-logger-plugins
  version: 2.0.0
  sha256: c06a6779528a60f0362049c3adfb558e64d071769691718c810ef3057fdb9ff3
  requires_dist:
  - snakemake-interface-common>=1.17.4
  requires_python: '>=3.11,<4.0'
- pypi: https://files.pythonhosted.org/packages/f0/f0/df73f6abc9b5910e43612ae28c7b6f666af80c4edd46a216ef47599ab6cb/snakemake_interface_report_plugins-1.3.0-py3-none-any.whl
  name: snakemake-interface-report-plugins
  version: 1.3.0
  sha256: 78da3931f70e79eef51e5645a40b172929e555fe4d86ff45d6b856e521a379db
  requires_dist:
  - snakemake-interface-common>=1.16.0,<2.0.0
  requires_python: '>=3.11,<4.0'
- pypi: https://files.pythonhosted.org/packages/0e/d0/f4e9894c8aaf37efe3bf1afe15ee3cf0546d82b2713a589e266ee47bf2ef/snakemake_interface_scheduler_plugins-2.0.2-py3-none-any.whl
  name: snakemake-interface-scheduler-plugins
  version: 2.0.2
  sha256: b9ddfa508bd480711de1770dfb24f3b813cfa3cd0f862f0127ef721ae5346915
  requires_dist:
  - snakemake-interface-common>=1.20.1,<2.0
  requires_python: '>=3.11,<4.0'
- pypi: https://files.pythonhosted.org/packages/74/20/08a4f00c32329544ff147bafa68d0bab53645dca64dae218ff861bb4187d/snakemake_interface_storage_plugins-4.3.3-py3-none-any.whl
  name: snakemake-interface-storage-plugins
  version: 4.3.3
  sha256: 6ebaad6f6f7024cbd85c2ab3cc764db69456216212b6afb10954f1e0ed8d3bfe
  requires_dist:
  - humanfriendly>=10.0,<11
  - reretry>=0.11.8
  - snakemake-interface-common>=1.12.0
  - throttler>=1.2.2
  - wrapt>=1.15.0
  requires_python: '>=3.11'
- pypi: https://files.pythonhosted.org/packages/99/55/db07de81b5c630da5cbf5c7df646580ca26dfaefa593667fc6f2fe016d2e/tabulate-0.10.0-py3-none-any.whl
  name: tabulate
  version: 0.10.0
  sha256: f0b0622e567335c8fabaaa659f1b33bcb6ddfe2e496071b743aa113f8774f2d3
  requires_dist:
  - wcwidth ; extra == 'widechars'
  requires_python: '>=3.10'
- pypi: https://files.pythonhosted.org/packages/66/70/42d8796acc57c8bcd9ae395b1a6a0bbc833f738492a8ed192a44ccd58035/throttler-1.2.3-py3-none-any.whl
  name: throttler
  version: 1.2.3
  sha256: 241ea3e97438dec4dc2f31ddc56dbd96262787a9b1d0598adfcc0bada1134b66
  requires_dist:
  - aiohttp ; extra == 'dev'
  - build ; extra == 'dev'
  - codecov ; extra == 'dev'
  - pytest ; extra == 'dev'
  - pytest-asyncio ; extra == 'dev'
  - pytest-cov ; extra == 'dev'
  - ruff ; extra == 'dev'
  requires_python: '>=3.8'
- conda: https://conda.anaconda.org/conda-forge/linux-64/tk-8.6.13-noxft_h366c992_103.conda
  sha256: cafeec44494f842ffeca27e9c8b0c27ed714f93ac77ddadc6aaf726b5554ebac
  md5: cffd3bdd58090148f4cfcd831f4b26ab
  depends:
  - __glibc >=2.17,<3.0.a0
  - libgcc >=14
  - libzlib >=1.3.1,<2.0a0
  constrains:
  - xorg-libx11 >=1.8.12,<2.0a0
  license: TCL
  license_family: BSD
  purls: []
  size: 3301196
  timestamp: 1769460227866
- pypi: https://files.pythonhosted.org/packages/00/c0/8f5d070730d7836adc9c9b6408dec68c6ced86b304a9b26a14df072a6e8c/traitlets-5.14.3-py3-none-any.whl
  name: traitlets
  version: 5.14.3
  sha256: b74e89e397b1ed28cc831db7aea759ba6640cb3de13090ca145426688ff1ac4f
  requires_dist:
  - myst-parser ; extra == 'docs'
  - pydata-sphinx-theme ; extra == 'docs'
  - sphinx ; extra == 'docs'
  - argcomplete>=3.0.3 ; extra == 'test'
  - mypy>=1.7.0 ; extra == 'test'
  - pre-commit ; extra == 'test'
  - pytest-mock ; extra == 'test'
  - pytest-mypy-testing ; extra == 'test'
  - pytest>=7.0,<8.2 ; extra == 'test'
  requires_python: '>=3.8'
- conda: https://conda.anaconda.org/conda-forge/noarch/tzdata-2025c-hc9c84f9_1.conda
  sha256: 1d30098909076af33a35017eed6f2953af1c769e273a0626a04722ac4acaba3c
  md5: ad659d0a2b3e47e38d829aa8cad2d610
  license: LicenseRef-Public-Domain
  purls: []
  size: 119135
  timestamp: 1767016325805
- pypi: https://files.pythonhosted.org/packages/39/08/aaaad47bc4e9dc8c725e68f9d04865dbcb2052843ff09c97b08904852d84/urllib3-2.6.3-py3-none-any.whl
  name: urllib3
  version: 2.6.3
  sha256: bf272323e553dfb2e87d9bfd225ca7b0f467b919d7bbd355436d3fd37cb0acd4
  requires_dist:
  - brotli>=1.2.0 ; platform_python_implementation == 'CPython' and extra == 'brotli'
  - brotlicffi>=1.2.0.0 ; platform_python_implementation != 'CPython' and extra == 'brotli'
  - h2>=4,<5 ; extra == 'h2'
  - pysocks>=1.5.6,!=1.5.7,<2.0 ; extra == 'socks'
  - backports-zstd>=1.0.0 ; python_full_version < '3.14' and extra == 'zstd'
  requires_python: '>=3.9'
- pypi: https://files.pythonhosted.org/packages/53/37/02af1867f5b1441aaeda9c82deed061b7cd1372572ddcd717f6df90b5e93/wrapt-2.1.2-cp314-cp314-manylinux1_x86_64.manylinux_2_28_x86_64.manylinux_2_5_x86_64.whl
  name: wrapt
  version: 2.1.2
  sha256: de9f1a2bbc5ac7f6012ec24525bdd444765a2ff64b5985ac6e0692144838542e
  requires_dist:
  - pytest ; extra == 'dev'
  - setuptools ; extra == 'dev'
  requires_python: '>=3.9'
- pypi: https://files.pythonhosted.org/packages/4d/63/6a44729fdc60eb255a7b156a84e7552290174a9bf151e3b6c18e83d6fbfa/yte-1.9.4-py3-none-any.whl
  name: yte
  version: 1.9.4
  sha256: 5dac63303d3e6bc2ebadc36ece3c3fb09343772fe6e25e9356d9baf8f9dfaf6d
  requires_dist:
  - argparse-dataclass>=2.0.0,<3
  - dpath>=2.1,<3.0
  - pyyaml>=6.0,<7.0
  requires_python: '>=3.8,<4.0'
- conda: https://conda.anaconda.org/conda-forge/linux-64/zstd-1.5.7-hb78ec9c_6.conda
  sha256: 68f0206ca6e98fea941e5717cec780ed2873ffabc0e1ed34428c061e2c6268c7
  md5: 4a13eeac0b5c8e5b8ab496e6c4ddd829
  depends:
  - __glibc >=2.17,<3.0.a0
  - libzlib >=1.3.1,<2.0a0
  license: BSD-3-Clause
  license_family: BSD
  purls: []
  size: 601375
  timestamp: 1764777111296
